// !$*UTF8*$!
{
	archiveVersion = 1;
	classes = {
	};
	objectVersion = 56;
	objects = {

/* Begin PBXBuildFile section */
		9D9B1B542B68292F00B69919 /* PokedexApp.swift in Sources */ = {isa = PBXBuildFile; fileRef = 9D9B1B532B68292F00B69919 /* PokedexApp.swift */; };
		9D9B1B562B68292F00B69919 /* PokedexView.swift in Sources */ = {isa = PBXBuildFile; fileRef = 9D9B1B552B68292F00B69919 /* PokedexView.swift */; };
		9D9B1B582B68293000B69919 /* Assets.xcassets in Resources */ = {isa = PBXBuildFile; fileRef = 9D9B1B572B68293000B69919 /* Assets.xcassets */; };
		9D9B1B5B2B68293000B69919 /* Preview Assets.xcassets in Resources */ = {isa = PBXBuildFile; fileRef = 9D9B1B5A2B68293000B69919 /* Preview Assets.xcassets */; };
		9D9B1B632B682E5700B69919 /* PokedexData.swift in Sources */ = {isa = PBXBuildFile; fileRef = 9D9B1B622B682E5700B69919 /* PokedexData.swift */; };
		9D9B1B652B683FC300B69919 /* PokemonData.swift in Sources */ = {isa = PBXBuildFile; fileRef = 9D9B1B642B683FC300B69919 /* PokemonData.swift */; };
		9D9B1B672B6840E100B69919 /* NameAndUrlData.swift in Sources */ = {isa = PBXBuildFile; fileRef = 9D9B1B662B6840E000B69919 /* NameAndUrlData.swift */; };
		9D9B1B6A2B68430400B69919 /* NetworkManager.swift in Sources */ = {isa = PBXBuildFile; fileRef = 9D9B1B692B68430400B69919 /* NetworkManager.swift */; };
		9D9B1B6D2B68436A00B69919 /* ErrorsHandlers.swift in Sources */ = {isa = PBXBuildFile; fileRef = 9D9B1B6C2B68436A00B69919 /* ErrorsHandlers.swift */; };
		9D9B1B702B6845F800B69919 /* NetWorkBuilder.swift in Sources */ = {isa = PBXBuildFile; fileRef = 9D9B1B6F2B6845F800B69919 /* NetWorkBuilder.swift */; };
		9D9B1B752B68481700B69919 /* PokedexVM.swift in Sources */ = {isa = PBXBuildFile; fileRef = 9D9B1B742B68481700B69919 /* PokedexVM.swift */; };
		9D9B1B772B684B0100B69919 /* PokemonNameDisplayView.swift in Sources */ = {isa = PBXBuildFile; fileRef = 9D9B1B762B684B0100B69919 /* PokemonNameDisplayView.swift */; };
		9D9B1B7A2B684FAF00B69919 /* FetchImageUrl.swift in Sources */ = {isa = PBXBuildFile; fileRef = 9D9B1B792B684FAF00B69919 /* FetchImageUrl.swift */; };
		9D9B1B7C2B68504A00B69919 /* PokemonRow.swift in Sources */ = {isa = PBXBuildFile; fileRef = 9D9B1B7B2B68504A00B69919 /* PokemonRow.swift */; };
		9D9B1B812B69051800B69919 /* FavoriteVM.swift in Sources */ = {isa = PBXBuildFile; fileRef = 9D9B1B802B69051800B69919 /* FavoriteVM.swift */; };
		9D9B1B832B69076500B69919 /* FavoriteListView.swift in Sources */ = {isa = PBXBuildFile; fileRef = 9D9B1B822B69076500B69919 /* FavoriteListView.swift */; };
		9D9B1B882B6A451700B69919 /* PokemonFullDetails.swift in Sources */ = {isa = PBXBuildFile; fileRef = 9D9B1B872B6A451700B69919 /* PokemonFullDetails.swift */; };
/* End PBXBuildFile section */

/* Begin PBXFileReference section */
		9D9B1B502B68292F00B69919 /* PokedexApp.app */ = {isa = PBXFileReference; explicitFileType = wrapper.application; includeInIndex = 0; path = PokedexApp.app; sourceTree = BUILT_PRODUCTS_DIR; };
		9D9B1B532B68292F00B69919 /* PokedexApp.swift */ = {isa = PBXFileReference; lastKnownFileType = sourcecode.swift; path = PokedexApp.swift; sourceTree = "<group>"; };
		9D9B1B552B68292F00B69919 /* PokedexView.swift */ = {isa = PBXFileReference; lastKnownFileType = sourcecode.swift; path = PokedexView.swift; sourceTree = "<group>"; };
		9D9B1B572B68293000B69919 /* Assets.xcassets */ = {isa = PBXFileReference; lastKnownFileType = folder.assetcatalog; path = Assets.xcassets; sourceTree = "<group>"; };
		9D9B1B5A2B68293000B69919 /* Preview Assets.xcassets */ = {isa = PBXFileReference; lastKnownFileType = folder.assetcatalog; path = "Preview Assets.xcassets"; sourceTree = "<group>"; };
		9D9B1B622B682E5700B69919 /* PokedexData.swift */ = {isa = PBXFileReference; lastKnownFileType = sourcecode.swift; path = PokedexData.swift; sourceTree = "<group>"; };
		9D9B1B642B683FC300B69919 /* PokemonData.swift */ = {isa = PBXFileReference; lastKnownFileType = sourcecode.swift; path = PokemonData.swift; sourceTree = "<group>"; };
		9D9B1B662B6840E000B69919 /* NameAndUrlData.swift */ = {isa = PBXFileReference; lastKnownFileType = sourcecode.swift; path = NameAndUrlData.swift; sourceTree = "<group>"; };
		9D9B1B692B68430400B69919 /* NetworkManager.swift */ = {isa = PBXFileReference; lastKnownFileType = sourcecode.swift; path = NetworkManager.swift; sourceTree = "<group>"; };
		9D9B1B6C2B68436A00B69919 /* ErrorsHandlers.swift */ = {isa = PBXFileReference; lastKnownFileType = sourcecode.swift; path = ErrorsHandlers.swift; sourceTree = "<group>"; };
		9D9B1B6F2B6845F800B69919 /* NetWorkBuilder.swift */ = {isa = PBXFileReference; lastKnownFileType = sourcecode.swift; path = NetWorkBuilder.swift; sourceTree = "<group>"; };
		9D9B1B742B68481700B69919 /* PokedexVM.swift */ = {isa = PBXFileReference; lastKnownFileType = sourcecode.swift; path = PokedexVM.swift; sourceTree = "<group>"; };
		9D9B1B762B684B0100B69919 /* PokemonNameDisplayView.swift */ = {isa = PBXFileReference; lastKnownFileType = sourcecode.swift; path = PokemonNameDisplayView.swift; sourceTree = "<group>"; };
		9D9B1B792B684FAF00B69919 /* FetchImageUrl.swift */ = {isa = PBXFileReference; lastKnownFileType = sourcecode.swift; path = FetchImageUrl.swift; sourceTree = "<group>"; };
		9D9B1B7B2B68504A00B69919 /* PokemonRow.swift */ = {isa = PBXFileReference; lastKnownFileType = sourcecode.swift; path = PokemonRow.swift; sourceTree = "<group>"; };
		9D9B1B802B69051800B69919 /* FavoriteVM.swift */ = {isa = PBXFileReference; lastKnownFileType = sourcecode.swift; path = FavoriteVM.swift; sourceTree = "<group>"; };
		9D9B1B822B69076500B69919 /* FavoriteListView.swift */ = {isa = PBXFileReference; lastKnownFileType = sourcecode.swift; path = FavoriteListView.swift; sourceTree = "<group>"; };
		9D9B1B872B6A451700B69919 /* PokemonFullDetails.swift */ = {isa = PBXFileReference; lastKnownFileType = sourcecode.swift; path = PokemonFullDetails.swift; sourceTree = "<group>"; };
/* End PBXFileReference section */

/* Begin PBXFrameworksBuildPhase section */
		9D9B1B4D2B68292F00B69919 /* Frameworks */ = {
			isa = PBXFrameworksBuildPhase;
			buildActionMask = 2147483647;
			files = (
			);
			runOnlyForDeploymentPostprocessing = 0;
		};
/* End PBXFrameworksBuildPhase section */

/* Begin PBXGroup section */
		9D9B1B472B68292F00B69919 = {
			isa = PBXGroup;
			children = (
				9D9B1B522B68292F00B69919 /* PokedexApp */,
				9D9B1B512B68292F00B69919 /* Products */,
			);
			sourceTree = "<group>";
		};
		9D9B1B512B68292F00B69919 /* Products */ = {
			isa = PBXGroup;
			children = (
				9D9B1B502B68292F00B69919 /* PokedexApp.app */,
			);
			name = Products;
			sourceTree = "<group>";
		};
		9D9B1B522B68292F00B69919 /* PokedexApp */ = {
			isa = PBXGroup;
			children = (
				9D9B1B532B68292F00B69919 /* PokedexApp.swift */,
				9D9B1B572B68293000B69919 /* Assets.xcassets */,
				9D9B1B842B690A9A00B69919 /* CustomViews */,
				9D9B1B712B6847D400B69919 /* Pokedex */,
				9D9B1B7D2B69042400B69919 /* FavoriteList */,
				9D9B1B6E2B6845E300B69919 /* NetworkBuilder */,
				9D9B1B682B6842E800B69919 /* NetworkManger */,
				9D9B1B612B682E2B00B69919 /* Models */,
				9D9B1B6B2B68434500B69919 /* ErrorHAndlers */,
				9D9B1B782B684F7000B69919 /* Utilities */,
				9D9B1B592B68293000B69919 /* Preview Content */,
			);
			path = PokedexApp;
			sourceTree = "<group>";
		};
		9D9B1B592B68293000B69919 /* Preview Content */ = {
			isa = PBXGroup;
			children = (
				9D9B1B5A2B68293000B69919 /* Preview Assets.xcassets */,
			);
			path = "Preview Content";
			sourceTree = "<group>";
		};
		9D9B1B612B682E2B00B69919 /* Models */ = {
			isa = PBXGroup;
			children = (
				9D9B1B622B682E5700B69919 /* PokedexData.swift */,
				9D9B1B642B683FC300B69919 /* PokemonData.swift */,
				9D9B1B662B6840E000B69919 /* NameAndUrlData.swift */,
				9D9B1B872B6A451700B69919 /* PokemonFullDetails.swift */,
			);
			path = Models;
			sourceTree = "<group>";
		};
		9D9B1B682B6842E800B69919 /* NetworkManger */ = {
			isa = PBXGroup;
			children = (
				9D9B1B692B68430400B69919 /* NetworkManager.swift */,
			);
			path = NetworkManger;
			sourceTree = "<group>";
		};
		9D9B1B6B2B68434500B69919 /* ErrorHAndlers */ = {
			isa = PBXGroup;
			children = (
				9D9B1B6C2B68436A00B69919 /* ErrorsHandlers.swift */,
			);
			path = ErrorHAndlers;
			sourceTree = "<group>";
		};
		9D9B1B6E2B6845E300B69919 /* NetworkBuilder */ = {
			isa = PBXGroup;
			children = (
				9D9B1B6F2B6845F800B69919 /* NetWorkBuilder.swift */,
			);
			path = NetworkBuilder;
			sourceTree = "<group>";
		};
		9D9B1B712B6847D400B69919 /* Pokedex */ = {
			isa = PBXGroup;
			children = (
				9D9B1B722B6847E600B69919 /* Views */,
				9D9B1B732B6847F700B69919 /* ViewModels */,
			);
			path = Pokedex;
			sourceTree = "<group>";
		};
		9D9B1B722B6847E600B69919 /* Views */ = {
			isa = PBXGroup;
			children = (
				9D9B1B552B68292F00B69919 /* PokedexView.swift */,
				9D9B1B7B2B68504A00B69919 /* PokemonRow.swift */,
				9D9B1B762B684B0100B69919 /* PokemonNameDisplayView.swift */,
			);
			path = Views;
			sourceTree = "<group>";
		};
		9D9B1B732B6847F700B69919 /* ViewModels */ = {
			isa = PBXGroup;
			children = (
				9D9B1B742B68481700B69919 /* PokedexVM.swift */,
			);
			path = ViewModels;
			sourceTree = "<group>";
		};
		9D9B1B782B684F7000B69919 /* Utilities */ = {
			isa = PBXGroup;
			children = (
				9D9B1B792B684FAF00B69919 /* FetchImageUrl.swift */,
			);
			path = Utilities;
			sourceTree = "<group>";
		};
		9D9B1B7D2B69042400B69919 /* FavoriteList */ = {
			isa = PBXGroup;
			children = (
				9D9B1B7E2B69044F00B69919 /* Views */,
				9D9B1B7F2B69046100B69919 /* ViewModels */,
			);
			path = FavoriteList;
			sourceTree = "<group>";
		};
		9D9B1B7E2B69044F00B69919 /* Views */ = {
			isa = PBXGroup;
			children = (
				9D9B1B822B69076500B69919 /* FavoriteListView.swift */,
			);
			path = Views;
			sourceTree = "<group>";
		};
		9D9B1B7F2B69046100B69919 /* ViewModels */ = {
			isa = PBXGroup;
			children = (
				9D9B1B802B69051800B69919 /* FavoriteVM.swift */,
			);
			path = ViewModels;
			sourceTree = "<group>";
		};
		9D9B1B842B690A9A00B69919 /* CustomViews */ = {
			isa = PBXGroup;
			children = (
			);
			path = CustomViews;
			sourceTree = "<group>";
		};
/* End PBXGroup section */

/* Begin PBXNativeTarget section */
		9D9B1B4F2B68292F00B69919 /* PokedexApp */ = {
			isa = PBXNativeTarget;
			buildConfigurationList = 9D9B1B5E2B68293000B69919 /* Build configuration list for PBXNativeTarget "PokedexApp" */;
			buildPhases = (
				9D9B1B4C2B68292F00B69919 /* Sources */,
				9D9B1B4D2B68292F00B69919 /* Frameworks */,
				9D9B1B4E2B68292F00B69919 /* Resources */,
			);
			buildRules = (
			);
			dependencies = (
			);
			name = PokedexApp;
			productName = PokedexApp;
			productReference = 9D9B1B502B68292F00B69919 /* PokedexApp.app */;
			productType = "com.apple.product-type.application";
		};
/* End PBXNativeTarget section */

/* Begin PBXProject section */
		9D9B1B482B68292F00B69919 /* Project object */ = {
			isa = PBXProject;
			attributes = {
				BuildIndependentTargetsInParallel = 1;
				LastSwiftUpdateCheck = 1420;
				LastUpgradeCheck = 1420;
				TargetAttributes = {
					9D9B1B4F2B68292F00B69919 = {
						CreatedOnToolsVersion = 14.2;
					};
				};
			};
			buildConfigurationList = 9D9B1B4B2B68292F00B69919 /* Build configuration list for PBXProject "PokedexApp" */;
			compatibilityVersion = "Xcode 14.0";
			developmentRegion = en;
			hasScannedForEncodings = 0;
			knownRegions = (
				en,
				Base,
			);
			mainGroup = 9D9B1B472B68292F00B69919;
			productRefGroup = 9D9B1B512B68292F00B69919 /* Products */;
			projectDirPath = "";
			projectRoot = "";
			targets = (
				9D9B1B4F2B68292F00B69919 /* PokedexApp */,
			);
		};
/* End PBXProject section */

/* Begin PBXResourcesBuildPhase section */
		9D9B1B4E2B68292F00B69919 /* Resources */ = {
			isa = PBXResourcesBuildPhase;
			buildActionMask = 2147483647;
			files = (
				9D9B1B5B2B68293000B69919 /* Preview Assets.xcassets in Resources */,
				9D9B1B582B68293000B69919 /* Assets.xcassets in Resources */,
			);
			runOnlyForDeploymentPostprocessing = 0;
		};
/* End PBXResourcesBuildPhase section */

/* Begin PBXSourcesBuildPhase section */
		9D9B1B4C2B68292F00B69919 /* Sources */ = {
			isa = PBXSourcesBuildPhase;
			buildActionMask = 2147483647;
			files = (
				9D9B1B752B68481700B69919 /* PokedexVM.swift in Sources */,
				9D9B1B812B69051800B69919 /* FavoriteVM.swift in Sources */,
				9D9B1B702B6845F800B69919 /* NetWorkBuilder.swift in Sources */,
				9D9B1B772B684B0100B69919 /* PokemonNameDisplayView.swift in Sources */,
				9D9B1B6A2B68430400B69919 /* NetworkManager.swift in Sources */,
				9D9B1B562B68292F00B69919 /* PokedexView.swift in Sources */,
				9D9B1B882B6A451700B69919 /* PokemonFullDetails.swift in Sources */,
				9D9B1B542B68292F00B69919 /* PokedexApp.swift in Sources */,
				9D9B1B632B682E5700B69919 /* PokedexData.swift in Sources */,
				9D9B1B6D2B68436A00B69919 /* ErrorsHandlers.swift in Sources */,
				9D9B1B7C2B68504A00B69919 /* PokemonRow.swift in Sources */,
				9D9B1B832B69076500B69919 /* FavoriteListView.swift in Sources */,
				9D9B1B652B683FC300B69919 /* PokemonData.swift in Sources */,
				9D9B1B672B6840E100B69919 /* NameAndUrlData.swift in Sources */,
				9D9B1B7A2B684FAF00B69919 /* FetchImageUrl.swift in Sources */,
			);
			runOnlyForDeploymentPostprocessing = 0;
		};
/* End PBXSourcesBuildPhase section */

/* Begin XCBuildConfiguration section */
		9D9B1B5C2B68293000B69919 /* Debug */ = {
			isa = XCBuildConfiguration;
			buildSettings = {
				ALWAYS_SEARCH_USER_PATHS = NO;
				CLANG_ANALYZER_NONNULL = YES;
				CLANG_ANALYZER_NUMBER_OBJECT_CONVERSION = YES_AGGRESSIVE;
				CLANG_CXX_LANGUAGE_STANDARD = "gnu++20";
				CLANG_ENABLE_MODULES = YES;
				CLANG_ENABLE_OBJC_ARC = YES;
				CLANG_ENABLE_OBJC_WEAK = YES;
				CLANG_WARN_BLOCK_CAPTURE_AUTORELEASING = YES;
				CLANG_WARN_BOOL_CONVERSION = YES;
				CLANG_WARN_COMMA = YES;
				CLANG_WARN_CONSTANT_CONVERSION = YES;
				CLANG_WARN_DEPRECATED_OBJC_IMPLEMENTATIONS = YES;
				CLANG_WARN_DIRECT_OBJC_ISA_USAGE = YES_ERROR;
				CLANG_WARN_DOCUMENTATION_COMMENTS = YES;
				CLANG_WARN_EMPTY_BODY = YES;
				CLANG_WARN_ENUM_CONVERSION = YES;
				CLANG_WARN_INFINITE_RECURSION = YES;
				CLANG_WARN_INT_CONVERSION = YES;
				CLANG_WARN_NON_LITERAL_NULL_CONVERSION = YES;
				CLANG_WARN_OBJC_IMPLICIT_RETAIN_SELF = YES;
				CLANG_WARN_OBJC_LITERAL_CONVERSION = YES;
				CLANG_WARN_OBJC_ROOT_CLASS = YES_ERROR;
				CLANG_WARN_QUOTED_INCLUDE_IN_FRAMEWORK_HEADER = YES;
				CLANG_WARN_RANGE_LOOP_ANALYSIS = YES;
				CLANG_WARN_STRICT_PROTOTYPES = YES;
				CLANG_WARN_SUSPICIOUS_MOVE = YES;
				CLANG_WARN_UNGUARDED_AVAILABILITY = YES_AGGRESSIVE;
				CLANG_WARN_UNREACHABLE_CODE = YES;
				CLANG_WARN__DUPLICATE_METHOD_MATCH = YES;
				COPY_PHASE_STRIP = NO;
				DEBUG_INFORMATION_FORMAT = dwarf;
				ENABLE_STRICT_OBJC_MSGSEND = YES;
				ENABLE_TESTABILITY = YES;
				GCC_C_LANGUAGE_STANDARD = gnu11;
				GCC_DYNAMIC_NO_PIC = NO;
				GCC_NO_COMMON_BLOCKS = YES;
				GCC_OPTIMIZATION_LEVEL = 0;
				GCC_PREPROCESSOR_DEFINITIONS = (
					"DEBUG=1",
					"$(inherited)",
				);
				GCC_WARN_64_TO_32_BIT_CONVERSION = YES;
				GCC_WARN_ABOUT_RETURN_TYPE = YES_ERROR;
				GCC_WARN_UNDECLARED_SELECTOR = YES;
				GCC_WARN_UNINITIALIZED_AUTOS = YES_AGGRESSIVE;
				GCC_WARN_UNUSED_FUNCTION = YES;
				GCC_WARN_UNUSED_VARIABLE = YES;
				IPHONEOS_DEPLOYMENT_TARGET = 16.0;
				MTL_ENABLE_DEBUG_INFO = INCLUDE_SOURCE;
				MTL_FAST_MATH = YES;
				ONLY_ACTIVE_ARCH = YES;
				SDKROOT = iphoneos;
				SWIFT_ACTIVE_COMPILATION_CONDITIONS = DEBUG;
				SWIFT_OPTIMIZATION_LEVEL = "-Onone";
			};
			name = Debug;
		};
		9D9B1B5D2B68293000B69919 /* Release */ = {
			isa = XCBuildConfiguration;
			buildSettings = {
				ALWAYS_SEARCH_USER_PATHS = NO;
				CLANG_ANALYZER_NONNULL = YES;
				CLANG_ANALYZER_NUMBER_OBJECT_CONVERSION = YES_AGGRESSIVE;
				CLANG_CXX_LANGUAGE_STANDARD = "gnu++20";
				CLANG_ENABLE_MODULES = YES;
				CLANG_ENABLE_OBJC_ARC = YES;
				CLANG_ENABLE_OBJC_WEAK = YES;
				CLANG_WARN_BLOCK_CAPTURE_AUTORELEASING = YES;
				CLANG_WARN_BOOL_CONVERSION = YES;
				CLANG_WARN_COMMA = YES;
				CLANG_WARN_CONSTANT_CONVERSION = YES;
				CLANG_WARN_DEPRECATED_OBJC_IMPLEMENTATIONS = YES;
				CLANG_WARN_DIRECT_OBJC_ISA_USAGE = YES_ERROR;
				CLANG_WARN_DOCUMENTATION_COMMENTS = YES;
				CLANG_WARN_EMPTY_BODY = YES;
				CLANG_WARN_ENUM_CONVERSION = YES;
				CLANG_WARN_INFINITE_RECURSION = YES;
				CLANG_WARN_INT_CONVERSION = YES;
				CLANG_WARN_NON_LITERAL_NULL_CONVERSION = YES;
				CLANG_WARN_OBJC_IMPLICIT_RETAIN_SELF = YES;
				CLANG_WARN_OBJC_LITERAL_CONVERSION = YES;
				CLANG_WARN_OBJC_ROOT_CLASS = YES_ERROR;
				CLANG_WARN_QUOTED_INCLUDE_IN_FRAMEWORK_HEADER = YES;
				CLANG_WARN_RANGE_LOOP_ANALYSIS = YES;
				CLANG_WARN_STRICT_PROTOTYPES = YES;
				CLANG_WARN_SUSPICIOUS_MOVE = YES;
				CLANG_WARN_UNGUARDED_AVAILABILITY = YES_AGGRESSIVE;
				CLANG_WARN_UNREACHABLE_CODE = YES;
				CLANG_WARN__DUPLICATE_METHOD_MATCH = YES;
				COPY_PHASE_STRIP = NO;
				DEBUG_INFORMATION_FORMAT = "dwarf-with-dsym";
				ENABLE_NS_ASSERTIONS = NO;
				ENABLE_STRICT_OBJC_MSGSEND = YES;
				GCC_C_LANGUAGE_STANDARD = gnu11;
				GCC_NO_COMMON_BLOCKS = YES;
				GCC_WARN_64_TO_32_BIT_CONVERSION = YES;
				GCC_WARN_ABOUT_RETURN_TYPE = YES_ERROR;
				GCC_WARN_UNDECLARED_SELECTOR = YES;
				GCC_WARN_UNINITIALIZED_AUTOS = YES_AGGRESSIVE;
				GCC_WARN_UNUSED_FUNCTION = YES;
				GCC_WARN_UNUSED_VARIABLE = YES;
				IPHONEOS_DEPLOYMENT_TARGET = 16.0;
				MTL_ENABLE_DEBUG_INFO = NO;
				MTL_FAST_MATH = YES;
				SDKROOT = iphoneos;
				SWIFT_COMPILATION_MODE = wholemodule;
				SWIFT_OPTIMIZATION_LEVEL = "-O";
				VALIDATE_PRODUCT = YES;
			};
			name = Release;
		};
		9D9B1B5F2B68293000B69919 /* Debug */ = {
			isa = XCBuildConfiguration;
			buildSettings = {
				ASSETCATALOG_COMPILER_APPICON_NAME = AppIcon;
				ASSETCATALOG_COMPILER_GLOBAL_ACCENT_COLOR_NAME = AccentColor;
				CODE_SIGN_STYLE = Automatic;
				CURRENT_PROJECT_VERSION = 1;
				DEVELOPMENT_ASSET_PATHS = "\"PokedexApp/Preview Content\"";
				DEVELOPMENT_TEAM = S5NDZSNAZM;
				ENABLE_PREVIEWS = YES;
				GENERATE_INFOPLIST_FILE = YES;
				INFOPLIST_KEY_UIApplicationSceneManifest_Generation = YES;
				INFOPLIST_KEY_UIApplicationSupportsIndirectInputEvents = YES;
				INFOPLIST_KEY_UILaunchScreen_Generation = YES;
				INFOPLIST_KEY_UISupportedInterfaceOrientations_iPad = "UIInterfaceOrientationPortrait UIInterfaceOrientationPortraitUpsideDown UIInterfaceOrientationLandscapeLeft UIInterfaceOrientationLandscapeRight";
				INFOPLIST_KEY_UISupportedInterfaceOrientations_iPhone = "UIInterfaceOrientationPortrait UIInterfaceOrientationLandscapeLeft UIInterfaceOrientationLandscapeRight";
				LD_RUNPATH_SEARCH_PATHS = (
					"$(inherited)",
					"@executable_path/Frameworks",
				);
				MARKETING_VERSION = 1.0;
				PRODUCT_BUNDLE_IDENTIFIER = co.il.PokedexApp;
				PRODUCT_NAME = "$(TARGET_NAME)";
				SWIFT_EMIT_LOC_STRINGS = YES;
				SWIFT_VERSION = 5.0;
				TARGETED_DEVICE_FAMILY = "1,2";
			};
			name = Debug;
		};
		9D9B1B602B68293000B69919 /* Release */ = {
			isa = XCBuildConfiguration;
			buildSettings = {
				ASSETCATALOG_COMPILER_APPICON_NAME = AppIcon;
				ASSETCATALOG_COMPILER_GLOBAL_ACCENT_COLOR_NAME = AccentColor;
				CODE_SIGN_STYLE = Automatic;
				CURRENT_PROJECT_VERSION = 1;
				DEVELOPMENT_ASSET_PATHS = "\"PokedexApp/Preview Content\"";
				DEVELOPMENT_TEAM = S5NDZSNAZM;
				ENABLE_PREVIEWS = YES;
				GENERATE_INFOPLIST_FILE = YES;
				INFOPLIST_KEY_UIApplicationSceneManifest_Generation = YES;
				INFOPLIST_KEY_UIApplicationSupportsIndirectInputEvents = YES;
				INFOPLIST_KEY_UILaunchScreen_Generation = YES;
				INFOPLIST_KEY_UISupportedInterfaceOrientations_iPad = "UIInterfaceOrientationPortrait UIInterfaceOrientationPortraitUpsideDown UIInterfaceOrientationLandscapeLeft UIInterfaceOrientationLandscapeRight";
				INFOPLIST_KEY_UISupportedInterfaceOrientations_iPhone = "UIInterfaceOrientationPortrait UIInterfaceOrientationLandscapeLeft UIInterfaceOrientationLandscapeRight";
				LD_RUNPATH_SEARCH_PATHS = (
					"$(inherited)",
					"@executable_path/Frameworks",
				);
				MARKETING_VERSION = 1.0;
				PRODUCT_BUNDLE_IDENTIFIER = co.il.PokedexApp;
				PRODUCT_NAME = "$(TARGET_NAME)";
				SWIFT_EMIT_LOC_STRINGS = YES;
				SWIFT_VERSION = 5.0;
				TARGETED_DEVICE_FAMILY = "1,2";
			};
			name = Release;
		};
/* End XCBuildConfiguration section */

/* Begin XCConfigurationList section */
		9D9B1B4B2B68292F00B69919 /* Build configuration list for PBXProject "PokedexApp" */ = {
			isa = XCConfigurationList;
			buildConfigurations = (
				9D9B1B5C2B68293000B69919 /* Debug */,
				9D9B1B5D2B68293000B69919 /* Release */,
			);
			defaultConfigurationIsVisible = 0;
			defaultConfigurationName = Release;
		};
		9D9B1B5E2B68293000B69919 /* Build configuration list for PBXNativeTarget "PokedexApp" */ = {
			isa = XCConfigurationList;
			buildConfigurations = (
				9D9B1B5F2B68293000B69919 /* Debug */,
				9D9B1B602B68293000B69919 /* Release */,
			);
			defaultConfigurationIsVisible = 0;
			defaultConfigurationName = Release;
		};
/* End XCConfigurationList section */
	};
	rootObject = 9D9B1B482B68292F00B69919 /* Project object */;
}
